
Microsoft Visual Studio Solution File, Format Version 12.00
# Visual Studio Version 17
VisualStudioVersion = 17.4.33110.190
MinimumVisualStudioVersion = 10.0.40219.1
Project("{9A19103F-16F7-4668-BE54-9A1E7A4F7556}") = "SistemaDespesas", "SistemaDespesas\SistemaDespesas.csproj", "{FC4851E0-1522-4A20-9C04-B35692429E45}"
EndProject
Project("{9A19103F-16F7-4668-BE54-9A1E7A4F7556}") = "Controller", "Controller\Controller.csproj", "{2C316B43-4F08-475B-B584-BF9D3B938088}"
EndProject
Project("{9A19103F-16F7-4668-BE54-9A1E7A4F7556}") = "EFController", "EFController\EFController.csproj", "{721FC214-9B0B-4ECE-B511-630363EEAE29}"
EndProject
Project("{9A19103F-16F7-4668-BE54-9A1E7A4F7556}") = "Entidades", "Entidades\Entidades.csproj", "{0FEC3857-888C-488C-B6AC-BFFD28D3E836}"
EndProject
Global
	GlobalSection(SolutionConfigurationPlatforms) = preSolution
		Debug|Any CPU = Debug|Any CPU
		Release|Any CPU = Release|Any CPU
	EndGlobalSection
	GlobalSection(ProjectConfigurationPlatforms) = postSolution
		{FC4851E0-1522-4A20-9C04-B35692429E45}.Debug|Any CPU.ActiveCfg = Debug|Any CPU
		{FC4851E0-1522-4A20-9C04-B35692429E45}.Debug|Any CPU.Build.0 = Debug|Any CPU
		{FC4851E0-1522-4A20-9C04-B35692429E45}.Release|Any CPU.ActiveCfg = Release|Any CPU
		{FC4851E0-1522-4A20-9C04-B35692429E45}.Release|Any CPU.Build.0 = Release|Any CPU
		{2C316B43-4F08-475B-B584-BF9D3B938088}.Debug|Any CPU.ActiveCfg = Debug|Any CPU
		{2C316B43-4F08-475B-B584-BF9D3B938088}.Debug|Any CPU.Build.0 = Debug|Any CPU
		{2C316B43-4F08-475B-B584-BF9D3B938088}.Release|Any CPU.ActiveCfg = Release|Any CPU
		{2C316B43-4F08-475B-B584-BF9D3B938088}.Release|Any CPU.Build.0 = Release|Any CPU
		{721FC214-9B0B-4ECE-B511-630363EEAE29}.Debug|Any CPU.ActiveCfg = Debug|Any CPU
		{721FC214-9B0B-4ECE-B511-630363EEAE29}.Debug|Any CPU.Build.0 = Debug|Any CPU
		{721FC214-9B0B-4ECE-B511-630363EEAE29}.Release|Any CPU.ActiveCfg = Release|Any CPU
		{721FC214-9B0B-4ECE-B511-630363EEAE29}.Release|Any CPU.Build.0 = Release|Any CPU
		{0FEC3857-888C-488C-B6AC-BFFD28D3E836}.Debug|Any CPU.ActiveCfg = Debug|Any CPU
		{0FEC3857-888C-488C-B6AC-BFFD28D3E836}.Debug|Any CPU.Build.0 = Debug|Any CPU
		{0FEC3857-888C-488C-B6AC-BFFD28D3E836}.Release|Any CPU.ActiveCfg = Release|Any CPU
		{0FEC3857-888C-488C-B6AC-BFFD28D3E836}.Release|Any CPU.Build.0 = Release|Any CPU
	EndGlobalSection
	GlobalSection(SolutionProperties) = preSolution
		HideSolutionNode = FALSE
	EndGlobalSection
	GlobalSection(ExtensibilityGlobals) = postSolution
		SolutionGuid = {270CBEB1-5F79-494A-9D80-D13E3C7B6AF0}
	EndGlobalSection
EndGlobal
